<Solution>
  <Configurations>
    <Platform Name="Any CPU" />
    <Platform Name="x64" />
    <Platform Name="x86" />
  </Configurations>
  <Project Path="Sunfire.Views/Sunfire.Views.csproj" />
  <Project Path="Sunfire/Sunfire.csproj" />
  <Project Path="Sunfire.FSUtils/Sunfire.FSUtils.csproj" />
</Solution>
