
Microsoft Visual Studio Solution File, Format Version 12.00
# Visual Studio Version 17
VisualStudioVersion = 17.0.31903.59
MinimumVisualStudioVersion = 10.0.40219.1
Project("{FAE04EC0-301F-11D3-BF4B-00C04F79EFBC}") = "Sunfire", "Sunfire\Sunfire.csproj", "{F03E012C-A50F-40DB-B8ED-B1138673EF2E}"
EndProject
Project("{FAE04EC0-301F-11D3-BF4B-00C04F79EFBC}") = "SunfireFramework", "SunfireFramework\SunfireFramework.csproj", "{AA946136-6574-425B-80E3-68B0A1BA611D}"
EndProject
Project("{FAE04EC0-301F-11D3-BF4B-00C04F79EFBC}") = "SunfireInputParser", "SunfireInputParser\SunfireInputParser.csproj", "{3BF9186E-3E72-4674-9610-BBB5E06ABBD9}"
EndProject
Global
	GlobalSection(SolutionConfigurationPlatforms) = preSolution
		Release-Linux|Any CPU = Release-Linux|Any CPU
		Release-Linux-KeyboardOnly|Any CPU = Release-Linux-KeyboardOnly|Any CPU
	EndGlobalSection
	GlobalSection(SolutionProperties) = preSolution
		HideSolutionNode = FALSE
	EndGlobalSection
	GlobalSection(ProjectConfigurationPlatforms) = postSolution
		{F03E012C-A50F-40DB-B8ED-B1138673EF2E}.Release-Linux|Any CPU.ActiveCfg = Release-Linux|Any CPU
		{F03E012C-A50F-40DB-B8ED-B1138673EF2E}.Release-Linux|Any CPU.Build.0 = Release-Linux|Any CPU
		{AA946136-6574-425B-80E3-68B0A1BA611D}.Release-Linux|Any CPU.ActiveCfg = Release-Linux|Any CPU
		{AA946136-6574-425B-80E3-68B0A1BA611D}.Release-Linux|Any CPU.Build.0 = Release-Linux|Any CPU
		{3BF9186E-3E72-4674-9610-BBB5E06ABBD9}.Release-Linux|Any CPU.ActiveCfg = Release-Linux|Any CPU
		{3BF9186E-3E72-4674-9610-BBB5E06ABBD9}.Release-Linux|Any CPU.Build.0 = Release-Linux|Any CPU

		{F03E012C-A50F-40DB-B8ED-B1138673EF2E}.Release-Linux-KeyboardOnly|Any CPU.ActiveCfg = Release-Linux-KeyboardOnly|Any CPU
		{F03E012C-A50F-40DB-B8ED-B1138673EF2E}.Release-Linux-KeyboardOnly|Any CPU.Build.0 = Release-Linux-KeyboardOnly|Any CPU
		{AA946136-6574-425B-80E3-68B0A1BA611D}.Release-Linux-KeyboardOnly|Any CPU.ActiveCfg = Release-Linux-KeyboardOnly|Any CPU
		{AA946136-6574-425B-80E3-68B0A1BA611D}.Release-Linux-KeyboardOnly|Any CPU.Build.0 = Release-Linux-KeyboardOnly|Any CPU
		{3BF9186E-3E72-4674-9610-BBB5E06ABBD9}.Release-Linux-KeyboardOnly|Any CPU.ActiveCfg = Release-Linux-KeyboardOnly|Any CPU
		{3BF9186E-3E72-4674-9610-BBB5E06ABBD9}.Release-Linux-KeyboardOnly|Any CPU.Build.0 = Release-Linux-KeyboardOnly|Any CPU
	EndGlobalSection
EndGlobal
